{
  "originHash" : "bde2ab49b756d368300640aed931cee658078496d6f2c364dd3ae0feecb078f5",
  "pins" : [
    {
      "identity" : "capacitor-swift-pm",
      "kind" : "remoteSourceControl",
      "location" : "https://github.com/ionic-team/capacitor-swift-pm.git",
      "state" : {
        "revision" : "2231987d85b8b0b289320b1d0947b4ae8345cde4",
        "version" : "8.4.1"
      }
    },
    {
      "identity" : "purchases-hybrid-common",
      "kind" : "remoteSourceControl",
      "location" : "https://github.com/RevenueCat/purchases-hybrid-common.git",
      "state" : {
        "revision" : "058ef6c4eacde3e46a75af59ed35bcd22eacb4e9",
        "version" : "18.18.0"
      }
    },
    {
      "identity" : "purchases-ios-spm",
      "kind" : "remoteSourceControl",
      "location" : "https://github.com/RevenueCat/purchases-ios-spm",
      "state" : {
        "revision" : "e89cb027a472e5cf1c15435c4e690b9a3c170cdc",
        "version" : "5.80.0"
      }
    }
  ],
  "version" : 3
}
